<?xml version="1.0" encoding="utf-8"?>
<Project ToolsVersion="4.0" xmlns="http://schemas.microsoft.com/developer/msbuild/2003">
  <ItemGroup>
    <FxCompile Include="PixelShader.hlsl" />
    <FxCompile Include="VertexShader.hlsl" />
  </ItemGroup>
  <ItemGroup>
    <ClCompile Include="RecordingManager.cpp">
      <Filter>Source Files</Filter>
    </ClCompile>
    <ClCompile Include="AudioManager.cpp">
      <Filter>Source Files\Audio Capture</Filter>
    </ClCompile>
    <ClCompile Include="AudioPrefs.cpp">
      <Filter>Source Files\Audio Capture</Filter>
    </ClCompile>
    <ClCompile Include="LoopbackCapture.cpp">
      <Filter>Source Files\Audio Capture</Filter>
    </ClCompile>
    <ClCompile Include="WWMFResampler.cpp">
      <Filter>Source Files\Audio Capture</Filter>
    </ClCompile>
    <ClCompile Include="OutputManager.cpp">
      <Filter>Source Files\Output</Filter>
    </ClCompile>
    <ClCompile Include="DX.util.cpp">
      <Filter>Source Files\Utils</Filter>
    </ClCompile>
    <ClCompile Include="DynamicWait.cpp">
      <Filter>Source Files\Utils</Filter>
    </ClCompile>
    <ClCompile Include="HighresTimer.cpp">
      <Filter>Source Files\Utils</Filter>
    </ClCompile>
    <ClCompile Include="Log.cpp">
      <Filter>Source Files\Utils</Filter>
    </ClCompile>
    <ClCompile Include="LogMediaType.cpp">
      <Filter>Source Files\Utils</Filter>
    </ClCompile>
    <ClCompile Include="MF.util.cpp">
      <Filter>Source Files\Utils</Filter>
    </ClCompile>
    <ClCompile Include="Screengrab.cpp">
      <Filter>Source Files\Utils</Filter>
    </ClCompile>
    <ClCompile Include="Util.cpp">
      <Filter>Source Files\Utils</Filter>
    </ClCompile>
    <ClCompile Include="CaptureBase.cpp">
      <Filter>Source Files\Video Capture</Filter>
    </ClCompile>
    <ClCompile Include="MouseManager.cpp">
      <Filter>Source Files\Video Capture</Filter>
    </ClCompile>
    <ClCompile Include="ScreenCaptureManager.cpp">
      <Filter>Source Files\Video Capture</Filter>
    </ClCompile>
    <ClCompile Include="TextureManager.cpp">
      <Filter>Source Files\Video Capture</Filter>
    </ClCompile>
    <ClCompile Include="CameraCapture.cpp">
      <Filter>Source Files\Video Capture\Overlay Capture</Filter>
    </ClCompile>
    <ClCompile Include="GifReader.cpp">
      <Filter>Source Files\Video Capture\Overlay Capture</Filter>
    </ClCompile>
    <ClCompile Include="ImageReader.cpp">
      <Filter>Source Files\Video Capture\Overlay Capture</Filter>
    </ClCompile>
    <ClCompile Include="SourceReaderBase.cpp">
      <Filter>Source Files\Video Capture\Overlay Capture</Filter>
    </ClCompile>
    <ClCompile Include="VideoReader.cpp">
      <Filter>Source Files\Video Capture\Overlay Capture</Filter>
    </ClCompile>
    <ClCompile Include="DesktopDuplicationCapture.cpp">
      <Filter>Source Files\Video Capture\Screen Capture\Desktop Duplication</Filter>
    </ClCompile>
    <ClCompile Include="WindowsGraphicsCapture.cpp">
      <Filter>Source Files\Video Capture\Screen Capture\Windows Graphics Capture</Filter>
    </ClCompile>
    <ClCompile Include="WindowsGraphicsCapture.util.cpp">
      <Filter>Source Files\Video Capture\Screen Capture\Windows Graphics Capture</Filter>
    </ClCompile>
  </ItemGroup>
  <ItemGroup>
    <ClInclude Include="CMFSinkWriterCallback.h">
      <Filter>Header Files</Filter>
    </ClInclude>
    <ClInclude Include="CommonTypes.h">
      <Filter>Header Files</Filter>
    </ClInclude>
    <ClInclude Include="Native.h">
      <Filter>Header Files</Filter>
    </ClInclude>
    <ClInclude Include="RecordingManager.h">
      <Filter>Header Files</Filter>
    </ClInclude>
    <ClInclude Include="AudioManager.h">
      <Filter>Header Files\Audio Capture</Filter>
    </ClInclude>
    <ClInclude Include="AudioPrefs.h">
      <Filter>Header Files\Audio Capture</Filter>
    </ClInclude>
    <ClInclude Include="LoopbackCapture.h">
      <Filter>Header Files\Audio Capture</Filter>
    </ClInclude>
    <ClInclude Include="WWMFResampler.h">
      <Filter>Header Files\Audio Capture</Filter>
    </ClInclude>
    <ClInclude Include="OutputManager.h">
      <Filter>Header Files\Output</Filter>
    </ClInclude>
    <ClInclude Include="Cleanup.h">
      <Filter>Header Files\Utils</Filter>
    </ClInclude>
    <ClInclude Include="DX.util.h">
      <Filter>Header Files\Utils</Filter>
    </ClInclude>
    <ClInclude Include="DynamicWait.h">
      <Filter>Header Files\Utils</Filter>
    </ClInclude>
    <ClInclude Include="fifo_map.h">
      <Filter>Header Files\Utils</Filter>
    </ClInclude>
    <ClInclude Include="HighresTimer.h">
      <Filter>Header Files\Utils</Filter>
    </ClInclude>
    <ClInclude Include="Log.h">
      <Filter>Header Files\Utils</Filter>
    </ClInclude>
    <ClInclude Include="LogMediaType.h">
      <Filter>Header Files\Utils</Filter>
    </ClInclude>
    <ClInclude Include="MF.util.h">
      <Filter>Header Files\Utils</Filter>
    </ClInclude>
    <ClInclude Include="Screengrab.h">
      <Filter>Header Files\Utils</Filter>
    </ClInclude>
    <ClInclude Include="Util.h">
      <Filter>Header Files\Utils</Filter>
    </ClInclude>
    <ClInclude Include="CameraCapture.h">
      <Filter>Header Files\Video Capture\Overlay Capture</Filter>
    </ClInclude>
    <ClInclude Include="GifReader.h">
      <Filter>Header Files\Video Capture\Overlay Capture</Filter>
    </ClInclude>
    <ClInclude Include="ImageReader.h">
      <Filter>Header Files\Video Capture\Overlay Capture</Filter>
    </ClInclude>
    <ClInclude Include="SourceReaderBase.h">
      <Filter>Header Files\Video Capture\Overlay Capture</Filter>
    </ClInclude>
    <ClInclude Include="VideoReader.h">
      <Filter>Header Files\Video Capture\Overlay Capture</Filter>
    </ClInclude>
    <ClInclude Include="DesktopDuplicationCapture.h">
      <Filter>Header Files\Video Capture\Screen Capture\Desktop Duplication</Filter>
    </ClInclude>
    <ClInclude Include="WindowsGraphicsCapture.h">
      <Filter>Header Files\Video Capture\Screen Capture\Windows Graphics Capture</Filter>
    </ClInclude>
    <ClInclude Include="WindowsGraphicsCapture.util.h">
      <Filter>Header Files\Video Capture\Screen Capture\Windows Graphics Capture</Filter>
    </ClInclude>
    <ClInclude Include="ScreenCaptureBase.h">
      <Filter>Header Files\Video Capture\Screen Capture</Filter>
    </ClInclude>
    <ClInclude Include="CaptureBase.h">
      <Filter>Header Files\Video Capture</Filter>
    </ClInclude>
    <ClInclude Include="MouseManager.h">
      <Filter>Header Files\Video Capture</Filter>
    </ClInclude>
    <ClInclude Include="ScreenCaptureManager.h">
      <Filter>Header Files\Video Capture</Filter>
    </ClInclude>
    <ClInclude Include="TextureManager.h">
      <Filter>Header Files\Video Capture</Filter>
    </ClInclude>
  </ItemGroup>
  <ItemGroup>
    <Filter Include="Header Files">
      <UniqueIdentifier>{25c63523-a461-4577-a4fe-59026ed1ae07}</UniqueIdentifier>
    </Filter>
    <Filter Include="Source Files">
      <UniqueIdentifier>{c2ce50f9-91dc-4328-b459-b089e8b2287d}</UniqueIdentifier>
    </Filter>
    <Filter Include="Header Files\Audio Capture">
      <UniqueIdentifier>{c8bdf5c0-1222-4ca1-b05d-43db378f2238}</UniqueIdentifier>
    </Filter>
    <Filter Include="Header Files\Output">
      <UniqueIdentifier>{c6edc371-b88a-4b5e-b72d-fee489265efb}</UniqueIdentifier>
    </Filter>
    <Filter Include="Header Files\Utils">
      <UniqueIdentifier>{f6b0a33f-652e-4761-aaec-6cb4b39e9ef9}</UniqueIdentifier>
    </Filter>
    <Filter Include="Header Files\Video Capture">
      <UniqueIdentifier>{83848ffe-017f-4371-8fb6-8cdccd175b4b}</UniqueIdentifier>
    </Filter>
    <Filter Include="Header Files\Video Capture\Overlay Capture">
      <UniqueIdentifier>{b7cd0c60-f811-48dc-a6c0-fd5c46b8f728}</UniqueIdentifier>
    </Filter>
    <Filter Include="Header Files\Video Capture\Screen Capture">
      <UniqueIdentifier>{d2c71f8b-a84a-43fc-9b9c-7117fdf3a98f}</UniqueIdentifier>
    </Filter>
    <Filter Include="Header Files\Video Capture\Screen Capture\Desktop Duplication">
      <UniqueIdentifier>{0a39b702-8051-4daa-9779-2d5d92ee2f71}</UniqueIdentifier>
    </Filter>
    <Filter Include="Header Files\Video Capture\Screen Capture\Windows Graphics Capture">
      <UniqueIdentifier>{162e6310-b157-4179-8316-8359896a261e}</UniqueIdentifier>
    </Filter>
    <Filter Include="Source Files\Audio Capture">
      <UniqueIdentifier>{f3d6fb07-2045-44c2-a937-476edd1a5cf5}</UniqueIdentifier>
    </Filter>
    <Filter Include="Source Files\Output">
      <UniqueIdentifier>{98fa85af-7db2-4d1a-ad2a-1b7bfc08e0f6}</UniqueIdentifier>
    </Filter>
    <Filter Include="Source Files\Utils">
      <UniqueIdentifier>{0595a15d-76d2-4a48-8de0-b833570f7e96}</UniqueIdentifier>
    </Filter>
    <Filter Include="Source Files\Video Capture">
      <UniqueIdentifier>{25354c92-69e9-4c98-86ab-c952d0264c46}</UniqueIdentifier>
    </Filter>
    <Filter Include="Source Files\Video Capture\Overlay Capture">
      <UniqueIdentifier>{4381e22c-0e10-421f-8198-ec979547ecbd}</UniqueIdentifier>
    </Filter>
    <Filter Include="Source Files\Video Capture\Screen Capture">
      <UniqueIdentifier>{1d69eabb-1fbb-43fa-8778-aa83a152ecc2}</UniqueIdentifier>
    </Filter>
    <Filter Include="Source Files\Video Capture\Screen Capture\Desktop Duplication">
      <UniqueIdentifier>{9b403d0a-d36e-4c72-9709-41f34365c481}</UniqueIdentifier>
    </Filter>
    <Filter Include="Source Files\Video Capture\Screen Capture\Windows Graphics Capture">
      <UniqueIdentifier>{9054ad9d-9ab9-485b-b463-6e266447d742}</UniqueIdentifier>
    </Filter>
  </ItemGroup>
</Project>